// !$*UTF8*$!
{
	archiveVersion = 1;
	classes = {
	};
	objectVersion = 56;
	objects = {

/* Begin PBXBuildFile section */
		4F28677929F891D80076BCF9 /* VendorsAppApp.swift in Sources */ = {isa = PBXBuildFile; fileRef = 4F28677829F891D80076BCF9 /* VendorsAppApp.swift */; };
		4F28677B29F891D80076BCF9 /* VendorsView.swift in Sources */ = {isa = PBXBuildFile; fileRef = 4F28677A29F891D80076BCF9 /* VendorsView.swift */; };
		4F28677D29F891D90076BCF9 /* Assets.xcassets in Resources */ = {isa = PBXBuildFile; fileRef = 4F28677C29F891D90076BCF9 /* Assets.xcassets */; };
		4F28678029F891D90076BCF9 /* Preview Assets.xcassets in Resources */ = {isa = PBXBuildFile; fileRef = 4F28677F29F891D90076BCF9 /* Preview Assets.xcassets */; };
		4F28678A29F891DA0076BCF9 /* VendorsAppTests.swift in Sources */ = {isa = PBXBuildFile; fileRef = 4F28678929F891DA0076BCF9 /* VendorsAppTests.swift */; };
		4F28679429F891DA0076BCF9 /* VendorsAppUITests.swift in Sources */ = {isa = PBXBuildFile; fileRef = 4F28679329F891DA0076BCF9 /* VendorsAppUITests.swift */; };
		4F28679629F891DA0076BCF9 /* VendorsAppUITestsLaunchTests.swift in Sources */ = {isa = PBXBuildFile; fileRef = 4F28679529F891DA0076BCF9 /* VendorsAppUITestsLaunchTests.swift */; };
		4F2867A629F897510076BCF9 /* SearchBarView.swift in Sources */ = {isa = PBXBuildFile; fileRef = 4F2867A529F897510076BCF9 /* SearchBarView.swift */; };
		4F2867A929F89BC50076BCF9 /* VendorsViewModel.swift in Sources */ = {isa = PBXBuildFile; fileRef = 4F2867A829F89BC50076BCF9 /* VendorsViewModel.swift */; };
		4F2867AF29F8A4E20076BCF9 /* VendorView.swift in Sources */ = {isa = PBXBuildFile; fileRef = 4F2867AE29F8A4E20076BCF9 /* VendorView.swift */; };
		4F2867B329F8B7270076BCF9 /* Constants.swift in Sources */ = {isa = PBXBuildFile; fileRef = 4F2867B229F8B7270076BCF9 /* Constants.swift */; };
		4F2867B529F98BCE0076BCF9 /* CoverPhotoView.swift in Sources */ = {isa = PBXBuildFile; fileRef = 4F2867B429F98BCE0076BCF9 /* CoverPhotoView.swift */; };
		4F2E6BB529FE085200780214 /* vendors.json in Resources */ = {isa = PBXBuildFile; fileRef = 4F2E6BB429FE085200780214 /* vendors.json */; };
		4F2E6BB829FE089C00780214 /* Vendors.swift in Sources */ = {isa = PBXBuildFile; fileRef = 4F2E6BB729FE089C00780214 /* Vendors.swift */; };
		4F2E6BBA29FE08BC00780214 /* Vendor.swift in Sources */ = {isa = PBXBuildFile; fileRef = 4F2E6BB929FE08BC00780214 /* Vendor.swift */; };
		4F2E6BBC29FE08FE00780214 /* Category.swift in Sources */ = {isa = PBXBuildFile; fileRef = 4F2E6BBB29FE08FE00780214 /* Category.swift */; };
		4F2E6BBE29FE092000780214 /* CoverPhoto.swift in Sources */ = {isa = PBXBuildFile; fileRef = 4F2E6BBD29FE092000780214 /* CoverPhoto.swift */; };
		4F2E6BC029FE094D00780214 /* Tag.swift in Sources */ = {isa = PBXBuildFile; fileRef = 4F2E6BBF29FE094D00780214 /* Tag.swift */; };
		4F2E6BC529FE0AF300780214 /* DataManager.swift in Sources */ = {isa = PBXBuildFile; fileRef = 4F2E6BC429FE0AF300780214 /* DataManager.swift */; };
		4F604DB72A03BB0600968EB9 /* DebounceObject.swift in Sources */ = {isa = PBXBuildFile; fileRef = 4F604DB62A03BB0600968EB9 /* DebounceObject.swift */; };
		4F604DBE2A0491AF00968EB9 /* SDWebImageSVGCoder in Frameworks */ = {isa = PBXBuildFile; productRef = 4F604DBD2A0491AF00968EB9 /* SDWebImageSVGCoder */; };
		4F641F802A0167D800B1B38E /* CategoryLayout.swift in Sources */ = {isa = PBXBuildFile; fileRef = 4F641F7F2A0167D800B1B38E /* CategoryLayout.swift */; };
		4F641F832A016F2300B1B38E /* SDWebImageSwiftUI in Frameworks */ = {isa = PBXBuildFile; productRef = 4F641F822A016F2300B1B38E /* SDWebImageSwiftUI */; };
/* End PBXBuildFile section */

/* Begin PBXContainerItemProxy section */
		4F28678629F891DA0076BCF9 /* PBXContainerItemProxy */ = {
			isa = PBXContainerItemProxy;
			containerPortal = 4F28676D29F891D80076BCF9 /* Project object */;
			proxyType = 1;
			remoteGlobalIDString = 4F28677429F891D80076BCF9;
			remoteInfo = VendorsApp;
		};
		4F28679029F891DA0076BCF9 /* PBXContainerItemProxy */ = {
			isa = PBXContainerItemProxy;
			containerPortal = 4F28676D29F891D80076BCF9 /* Project object */;
			proxyType = 1;
			remoteGlobalIDString = 4F28677429F891D80076BCF9;
			remoteInfo = VendorsApp;
		};
/* End PBXContainerItemProxy section */

/* Begin PBXFileReference section */
		4F28677529F891D80076BCF9 /* VendorsApp.app */ = {isa = PBXFileReference; explicitFileType = wrapper.application; includeInIndex = 0; path = VendorsApp.app; sourceTree = BUILT_PRODUCTS_DIR; };
		4F28677829F891D80076BCF9 /* VendorsAppApp.swift */ = {isa = PBXFileReference; lastKnownFileType = sourcecode.swift; path = VendorsAppApp.swift; sourceTree = "<group>"; };
		4F28677A29F891D80076BCF9 /* VendorsView.swift */ = {isa = PBXFileReference; lastKnownFileType = sourcecode.swift; path = VendorsView.swift; sourceTree = "<group>"; };
		4F28677C29F891D90076BCF9 /* Assets.xcassets */ = {isa = PBXFileReference; lastKnownFileType = folder.assetcatalog; path = Assets.xcassets; sourceTree = "<group>"; };
		4F28677F29F891D90076BCF9 /* Preview Assets.xcassets */ = {isa = PBXFileReference; lastKnownFileType = folder.assetcatalog; path = "Preview Assets.xcassets"; sourceTree = "<group>"; };
		4F28678529F891DA0076BCF9 /* VendorsAppTests.xctest */ = {isa = PBXFileReference; explicitFileType = wrapper.cfbundle; includeInIndex = 0; path = VendorsAppTests.xctest; sourceTree = BUILT_PRODUCTS_DIR; };
		4F28678929F891DA0076BCF9 /* VendorsAppTests.swift */ = {isa = PBXFileReference; lastKnownFileType = sourcecode.swift; path = VendorsAppTests.swift; sourceTree = "<group>"; };
		4F28678F29F891DA0076BCF9 /* VendorsAppUITests.xctest */ = {isa = PBXFileReference; explicitFileType = wrapper.cfbundle; includeInIndex = 0; path = VendorsAppUITests.xctest; sourceTree = BUILT_PRODUCTS_DIR; };
		4F28679329F891DA0076BCF9 /* VendorsAppUITests.swift */ = {isa = PBXFileReference; lastKnownFileType = sourcecode.swift; path = VendorsAppUITests.swift; sourceTree = "<group>"; };
		4F28679529F891DA0076BCF9 /* VendorsAppUITestsLaunchTests.swift */ = {isa = PBXFileReference; lastKnownFileType = sourcecode.swift; path = VendorsAppUITestsLaunchTests.swift; sourceTree = "<group>"; };
		4F2867A529F897510076BCF9 /* SearchBarView.swift */ = {isa = PBXFileReference; lastKnownFileType = sourcecode.swift; path = SearchBarView.swift; sourceTree = "<group>"; };
		4F2867A829F89BC50076BCF9 /* VendorsViewModel.swift */ = {isa = PBXFileReference; lastKnownFileType = sourcecode.swift; path = VendorsViewModel.swift; sourceTree = "<group>"; };
		4F2867AC29F8A0260076BCF9 /* OpenSans-Bold.ttf */ = {isa = PBXFileReference; lastKnownFileType = file; path = "OpenSans-Bold.ttf"; sourceTree = "<group>"; };
		4F2867AD29F8A0260076BCF9 /* OpenSans-Regular.ttf */ = {isa = PBXFileReference; lastKnownFileType = file; path = "OpenSans-Regular.ttf"; sourceTree = "<group>"; };
		4F2867AE29F8A4E20076BCF9 /* VendorView.swift */ = {isa = PBXFileReference; lastKnownFileType = sourcecode.swift; path = VendorView.swift; sourceTree = "<group>"; };
		4F2867B229F8B7270076BCF9 /* Constants.swift */ = {isa = PBXFileReference; lastKnownFileType = sourcecode.swift; path = Constants.swift; sourceTree = "<group>"; };
		4F2867B429F98BCE0076BCF9 /* CoverPhotoView.swift */ = {isa = PBXFileReference; lastKnownFileType = sourcecode.swift; path = CoverPhotoView.swift; sourceTree = "<group>"; };
		4F2E6BB429FE085200780214 /* vendors.json */ = {isa = PBXFileReference; fileEncoding = 4; lastKnownFileType = text.json; path = vendors.json; sourceTree = "<group>"; };
		4F2E6BB729FE089C00780214 /* Vendors.swift */ = {isa = PBXFileReference; lastKnownFileType = sourcecode.swift; path = Vendors.swift; sourceTree = "<group>"; };
		4F2E6BB929FE08BC00780214 /* Vendor.swift */ = {isa = PBXFileReference; lastKnownFileType = sourcecode.swift; path = Vendor.swift; sourceTree = "<group>"; };
		4F2E6BBB29FE08FE00780214 /* Category.swift */ = {isa = PBXFileReference; lastKnownFileType = sourcecode.swift; path = Category.swift; sourceTree = "<group>"; };
		4F2E6BBD29FE092000780214 /* CoverPhoto.swift */ = {isa = PBXFileReference; lastKnownFileType = sourcecode.swift; path = CoverPhoto.swift; sourceTree = "<group>"; };
		4F2E6BBF29FE094D00780214 /* Tag.swift */ = {isa = PBXFileReference; lastKnownFileType = sourcecode.swift; path = Tag.swift; sourceTree = "<group>"; };
		4F2E6BC429FE0AF300780214 /* DataManager.swift */ = {isa = PBXFileReference; lastKnownFileType = sourcecode.swift; path = DataManager.swift; sourceTree = "<group>"; };
		4F604DB62A03BB0600968EB9 /* DebounceObject.swift */ = {isa = PBXFileReference; lastKnownFileType = sourcecode.swift; path = DebounceObject.swift; sourceTree = "<group>"; };
		4F641F7F2A0167D800B1B38E /* CategoryLayout.swift */ = {isa = PBXFileReference; lastKnownFileType = sourcecode.swift; path = CategoryLayout.swift; sourceTree = "<group>"; };
/* End PBXFileReference section */

/* Begin PBXFrameworksBuildPhase section */
		4F28677229F891D80076BCF9 /* Frameworks */ = {
			isa = PBXFrameworksBuildPhase;
			buildActionMask = 2147483647;
			files = (
				4F641F832A016F2300B1B38E /* SDWebImageSwiftUI in Frameworks */,
				4F604DBE2A0491AF00968EB9 /* SDWebImageSVGCoder in Frameworks */,
			);
			runOnlyForDeploymentPostprocessing = 0;
		};
		4F28678229F891DA0076BCF9 /* Frameworks */ = {
			isa = PBXFrameworksBuildPhase;
			buildActionMask = 2147483647;
			files = (
			);
			runOnlyForDeploymentPostprocessing = 0;
		};
		4F28678C29F891DA0076BCF9 /* Frameworks */ = {
			isa = PBXFrameworksBuildPhase;
			buildActionMask = 2147483647;
			files = (
			);
			runOnlyForDeploymentPostprocessing = 0;
		};
/* End PBXFrameworksBuildPhase section */

/* Begin PBXGroup section */
		4F28676C29F891D80076BCF9 = {
			isa = PBXGroup;
			children = (
				4F28677729F891D80076BCF9 /* VendorsApp */,
				4F28678829F891DA0076BCF9 /* VendorsAppTests */,
				4F28679229F891DA0076BCF9 /* VendorsAppUITests */,
				4F28677629F891D80076BCF9 /* Products */,
			);
			sourceTree = "<group>";
		};
		4F28677629F891D80076BCF9 /* Products */ = {
			isa = PBXGroup;
			children = (
				4F28677529F891D80076BCF9 /* VendorsApp.app */,
				4F28678529F891DA0076BCF9 /* VendorsAppTests.xctest */,
				4F28678F29F891DA0076BCF9 /* VendorsAppUITests.xctest */,
			);
			name = Products;
			sourceTree = "<group>";
		};
		4F28677729F891D80076BCF9 /* VendorsApp */ = {
			isa = PBXGroup;
			children = (
				4F2E6BB329FE083800780214 /* Data */,
				4F604DBF2A051DFC00968EB9 /* Application */,
				4F2867B029F8B6FA0076BCF9 /* Common */,
				4F2867AA29F89FB20076BCF9 /* Assets */,
				4F28677E29F891D90076BCF9 /* Preview Content */,
			);
			path = VendorsApp;
			sourceTree = "<group>";
		};
		4F28677E29F891D90076BCF9 /* Preview Content */ = {
			isa = PBXGroup;
			children = (
				4F28677F29F891D90076BCF9 /* Preview Assets.xcassets */,
			);
			path = "Preview Content";
			sourceTree = "<group>";
		};
		4F28678829F891DA0076BCF9 /* VendorsAppTests */ = {
			isa = PBXGroup;
			children = (
				4F28678929F891DA0076BCF9 /* VendorsAppTests.swift */,
			);
			path = VendorsAppTests;
			sourceTree = "<group>";
		};
		4F28679229F891DA0076BCF9 /* VendorsAppUITests */ = {
			isa = PBXGroup;
			children = (
				4F28679329F891DA0076BCF9 /* VendorsAppUITests.swift */,
				4F28679529F891DA0076BCF9 /* VendorsAppUITestsLaunchTests.swift */,
			);
			path = VendorsAppUITests;
			sourceTree = "<group>";
		};
		4F2867A229F896BF0076BCF9 /* Views */ = {
			isa = PBXGroup;
			children = (
				4F2867A529F897510076BCF9 /* SearchBarView.swift */,
				4F2867AE29F8A4E20076BCF9 /* VendorView.swift */,
				4F2867B429F98BCE0076BCF9 /* CoverPhotoView.swift */,
				4F641F7F2A0167D800B1B38E /* CategoryLayout.swift */,
			);
			path = Views;
			sourceTree = "<group>";
		};
		4F2867A729F89B3B0076BCF9 /* Flow */ = {
			isa = PBXGroup;
			children = (
				4F28677A29F891D80076BCF9 /* VendorsView.swift */,
				4F2867A829F89BC50076BCF9 /* VendorsViewModel.swift */,
			);
			path = Flow;
			sourceTree = "<group>";
		};
		4F2867AA29F89FB20076BCF9 /* Assets */ = {
			isa = PBXGroup;
			children = (
				4F2867AB29F89FD90076BCF9 /* Fonts */,
				4F28677C29F891D90076BCF9 /* Assets.xcassets */,
			);
			path = Assets;
			sourceTree = "<group>";
		};
		4F2867AB29F89FD90076BCF9 /* Fonts */ = {
			isa = PBXGroup;
			children = (
				4F2867AC29F8A0260076BCF9 /* OpenSans-Bold.ttf */,
				4F2867AD29F8A0260076BCF9 /* OpenSans-Regular.ttf */,
			);
			path = Fonts;
			sourceTree = "<group>";
		};
		4F2867B029F8B6FA0076BCF9 /* Common */ = {
			isa = PBXGroup;
			children = (
				4F604DB52A03BAF300968EB9 /* Helpers */,
				4F2867B129F8B7130076BCF9 /* Constants */,
			);
			path = Common;
			sourceTree = "<group>";
		};
		4F2867B129F8B7130076BCF9 /* Constants */ = {
			isa = PBXGroup;
			children = (
				4F2867B229F8B7270076BCF9 /* Constants.swift */,
			);
			path = Constants;
			sourceTree = "<group>";
		};
		4F2E6BB329FE083800780214 /* Data */ = {
			isa = PBXGroup;
			children = (
				4F2E6BB629FE086A00780214 /* Models */,
				4F2E6BB429FE085200780214 /* vendors.json */,
				4F2E6BC429FE0AF300780214 /* DataManager.swift */,
			);
			path = Data;
			sourceTree = "<group>";
		};
		4F2E6BB629FE086A00780214 /* Models */ = {
			isa = PBXGroup;
			children = (
				4F2E6BB729FE089C00780214 /* Vendors.swift */,
				4F2E6BB929FE08BC00780214 /* Vendor.swift */,
				4F2E6BBB29FE08FE00780214 /* Category.swift */,
				4F2E6BBD29FE092000780214 /* CoverPhoto.swift */,
				4F2E6BBF29FE094D00780214 /* Tag.swift */,
			);
			path = Models;
			sourceTree = "<group>";
		};
		4F604DB52A03BAF300968EB9 /* Helpers */ = {
			isa = PBXGroup;
			children = (
				4F604DB62A03BB0600968EB9 /* DebounceObject.swift */,
			);
			path = Helpers;
			sourceTree = "<group>";
		};
		4F604DBF2A051DFC00968EB9 /* Application */ = {
			isa = PBXGroup;
			children = (
				4F2867A229F896BF0076BCF9 /* Views */,
				4F2867A729F89B3B0076BCF9 /* Flow */,
				4F28677829F891D80076BCF9 /* VendorsAppApp.swift */,
			);
			path = Application;
			sourceTree = "<group>";
		};
/* End PBXGroup section */

/* Begin PBXNativeTarget section */
		4F28677429F891D80076BCF9 /* VendorsApp */ = {
			isa = PBXNativeTarget;
			buildConfigurationList = 4F28679929F891DA0076BCF9 /* Build configuration list for PBXNativeTarget "VendorsApp" */;
			buildPhases = (
				4F28677129F891D80076BCF9 /* Sources */,
				4F28677229F891D80076BCF9 /* Frameworks */,
				4F28677329F891D80076BCF9 /* Resources */,
			);
			buildRules = (
			);
			dependencies = (
			);
			name = VendorsApp;
			packageProductDependencies = (
				4F641F822A016F2300B1B38E /* SDWebImageSwiftUI */,
				4F604DBD2A0491AF00968EB9 /* SDWebImageSVGCoder */,
			);
			productName = VendorsApp;
			productReference = 4F28677529F891D80076BCF9 /* VendorsApp.app */;
			productType = "com.apple.product-type.application";
		};
		4F28678429F891DA0076BCF9 /* VendorsAppTests */ = {
			isa = PBXNativeTarget;
			buildConfigurationList = 4F28679C29F891DA0076BCF9 /* Build configuration list for PBXNativeTarget "VendorsAppTests" */;
			buildPhases = (
				4F28678129F891DA0076BCF9 /* Sources */,
				4F28678229F891DA0076BCF9 /* Frameworks */,
				4F28678329F891DA0076BCF9 /* Resources */,
			);
			buildRules = (
			);
			dependencies = (
				4F28678729F891DA0076BCF9 /* PBXTargetDependency */,
			);
			name = VendorsAppTests;
			productName = VendorsAppTests;
			productReference = 4F28678529F891DA0076BCF9 /* VendorsAppTests.xctest */;
			productType = "com.apple.product-type.bundle.unit-test";
		};
		4F28678E29F891DA0076BCF9 /* VendorsAppUITests */ = {
			isa = PBXNativeTarget;
			buildConfigurationList = 4F28679F29F891DA0076BCF9 /* Build configuration list for PBXNativeTarget "VendorsAppUITests" */;
			buildPhases = (
				4F28678B29F891DA0076BCF9 /* Sources */,
				4F28678C29F891DA0076BCF9 /* Frameworks */,
				4F28678D29F891DA0076BCF9 /* Resources */,
			);
			buildRules = (
			);
			dependencies = (
				4F28679129F891DA0076BCF9 /* PBXTargetDependency */,
			);
			name = VendorsAppUITests;
			productName = VendorsAppUITests;
			productReference = 4F28678F29F891DA0076BCF9 /* VendorsAppUITests.xctest */;
			productType = "com.apple.product-type.bundle.ui-testing";
		};
/* End PBXNativeTarget section */

/* Begin PBXProject section */
		4F28676D29F891D80076BCF9 /* Project object */ = {
			isa = PBXProject;
			attributes = {
				BuildIndependentTargetsInParallel = 1;
				LastSwiftUpdateCheck = 1410;
				LastUpgradeCheck = 1410;
				TargetAttributes = {
					4F28677429F891D80076BCF9 = {
						CreatedOnToolsVersion = 14.1;
					};
					4F28678429F891DA0076BCF9 = {
						CreatedOnToolsVersion = 14.1;
						TestTargetID = 4F28677429F891D80076BCF9;
					};
					4F28678E29F891DA0076BCF9 = {
						CreatedOnToolsVersion = 14.1;
						TestTargetID = 4F28677429F891D80076BCF9;
					};
				};
			};
			buildConfigurationList = 4F28677029F891D80076BCF9 /* Build configuration list for PBXProject "VendorsApp" */;
			compatibilityVersion = "Xcode 14.0";
			developmentRegion = en;
			hasScannedForEncodings = 0;
			knownRegions = (
				en,
				Base,
			);
			mainGroup = 4F28676C29F891D80076BCF9;
			packageReferences = (
				4F641F812A016F2300B1B38E /* XCRemoteSwiftPackageReference "SDWebImageSwiftUI" */,
				4F604DBC2A0491AF00968EB9 /* XCRemoteSwiftPackageReference "SDWebImageSVGCoder" */,
			);
			productRefGroup = 4F28677629F891D80076BCF9 /* Products */;
			projectDirPath = "";
			projectRoot = "";
			targets = (
				4F28677429F891D80076BCF9 /* VendorsApp */,
				4F28678429F891DA0076BCF9 /* VendorsAppTests */,
				4F28678E29F891DA0076BCF9 /* VendorsAppUITests */,
			);
		};
/* End PBXProject section */

/* Begin PBXResourcesBuildPhase section */
		4F28677329F891D80076BCF9 /* Resources */ = {
			isa = PBXResourcesBuildPhase;
			buildActionMask = 2147483647;
			files = (
				4F28678029F891D90076BCF9 /* Preview Assets.xcassets in Resources */,
				4F28677D29F891D90076BCF9 /* Assets.xcassets in Resources */,
				4F2E6BB529FE085200780214 /* vendors.json in Resources */,
			);
			runOnlyForDeploymentPostprocessing = 0;
		};
		4F28678329F891DA0076BCF9 /* Resources */ = {
			isa = PBXResourcesBuildPhase;
			buildActionMask = 2147483647;
			files = (
			);
			runOnlyForDeploymentPostprocessing = 0;
		};
		4F28678D29F891DA0076BCF9 /* Resources */ = {
			isa = PBXResourcesBuildPhase;
			buildActionMask = 2147483647;
			files = (
			);
			runOnlyForDeploymentPostprocessing = 0;
		};
/* End PBXResourcesBuildPhase section */

/* Begin PBXSourcesBuildPhase section */
		4F28677129F891D80076BCF9 /* Sources */ = {
			isa = PBXSourcesBuildPhase;
			buildActionMask = 2147483647;
			files = (
				4F641F802A0167D800B1B38E /* CategoryLayout.swift in Sources */,
				4F2E6BC529FE0AF300780214 /* DataManager.swift in Sources */,
				4F2867AF29F8A4E20076BCF9 /* VendorView.swift in Sources */,
				4F28677B29F891D80076BCF9 /* VendorsView.swift in Sources */,
				4F2867B529F98BCE0076BCF9 /* CoverPhotoView.swift in Sources */,
				4F2867A629F897510076BCF9 /* SearchBarView.swift in Sources */,
				4F2E6BB829FE089C00780214 /* Vendors.swift in Sources */,
				4F2867A929F89BC50076BCF9 /* VendorsViewModel.swift in Sources */,
				4F2E6BBA29FE08BC00780214 /* Vendor.swift in Sources */,
				4F2E6BBE29FE092000780214 /* CoverPhoto.swift in Sources */,
				4F604DB72A03BB0600968EB9 /* DebounceObject.swift in Sources */,
				4F2E6BC029FE094D00780214 /* Tag.swift in Sources */,
				4F28677929F891D80076BCF9 /* VendorsAppApp.swift in Sources */,
				4F2867B329F8B7270076BCF9 /* Constants.swift in Sources */,
				4F2E6BBC29FE08FE00780214 /* Category.swift in Sources */,
			);
			runOnlyForDeploymentPostprocessing = 0;
		};
		4F28678129F891DA0076BCF9 /* Sources */ = {
			isa = PBXSourcesBuildPhase;
			buildActionMask = 2147483647;
			files = (
				4F28678A29F891DA0076BCF9 /* VendorsAppTests.swift in Sources */,
			);
			runOnlyForDeploymentPostprocessing = 0;
		};
		4F28678B29F891DA0076BCF9 /* Sources */ = {
			isa = PBXSourcesBuildPhase;
			buildActionMask = 2147483647;
			files = (
				4F28679629F891DA0076BCF9 /* VendorsAppUITestsLaunchTests.swift in Sources */,
				4F28679429F891DA0076BCF9 /* VendorsAppUITests.swift in Sources */,
			);
			runOnlyForDeploymentPostprocessing = 0;
		};
/* End PBXSourcesBuildPhase section */

/* Begin PBXTargetDependency section */
		4F28678729F891DA0076BCF9 /* PBXTargetDependency */ = {
			isa = PBXTargetDependency;
			target = 4F28677429F891D80076BCF9 /* VendorsApp */;
			targetProxy = 4F28678629F891DA0076BCF9 /* PBXContainerItemProxy */;
		};
		4F28679129F891DA0076BCF9 /* PBXTargetDependency */ = {
			isa = PBXTargetDependency;
			target = 4F28677429F891D80076BCF9 /* VendorsApp */;
			targetProxy = 4F28679029F891DA0076BCF9 /* PBXContainerItemProxy */;
		};
/* End PBXTargetDependency section */

/* Begin XCBuildConfiguration section */
		4F28679729F891DA0076BCF9 /* Debug */ = {
			isa = XCBuildConfiguration;
			buildSettings = {
				ALWAYS_SEARCH_USER_PATHS = NO;
				CLANG_ANALYZER_NONNULL = YES;
				CLANG_ANALYZER_NUMBER_OBJECT_CONVERSION = YES_AGGRESSIVE;
				CLANG_CXX_LANGUAGE_STANDARD = "gnu++20";
				CLANG_ENABLE_MODULES = YES;
				CLANG_ENABLE_OBJC_ARC = YES;
				CLANG_ENABLE_OBJC_WEAK = YES;
				CLANG_WARN_BLOCK_CAPTURE_AUTORELEASING = YES;
				CLANG_WARN_BOOL_CONVERSION = YES;
				CLANG_WARN_COMMA = YES;
				CLANG_WARN_CONSTANT_CONVERSION = YES;
				CLANG_WARN_DEPRECATED_OBJC_IMPLEMENTATIONS = YES;
				CLANG_WARN_DIRECT_OBJC_ISA_USAGE = YES_ERROR;
				CLANG_WARN_DOCUMENTATION_COMMENTS = YES;
				CLANG_WARN_EMPTY_BODY = YES;
				CLANG_WARN_ENUM_CONVERSION = YES;
				CLANG_WARN_INFINITE_RECURSION = YES;
				CLANG_WARN_INT_CONVERSION = YES;
				CLANG_WARN_NON_LITERAL_NULL_CONVERSION = YES;
				CLANG_WARN_OBJC_IMPLICIT_RETAIN_SELF = YES;
				CLANG_WARN_OBJC_LITERAL_CONVERSION = YES;
				CLANG_WARN_OBJC_ROOT_CLASS = YES_ERROR;
				CLANG_WARN_QUOTED_INCLUDE_IN_FRAMEWORK_HEADER = YES;
				CLANG_WARN_RANGE_LOOP_ANALYSIS = YES;
				CLANG_WARN_STRICT_PROTOTYPES = YES;
				CLANG_WARN_SUSPICIOUS_MOVE = YES;
				CLANG_WARN_UNGUARDED_AVAILABILITY = YES_AGGRESSIVE;
				CLANG_WARN_UNREACHABLE_CODE = YES;
				CLANG_WARN__DUPLICATE_METHOD_MATCH = YES;
				COPY_PHASE_STRIP = NO;
				DEBUG_INFORMATION_FORMAT = dwarf;
				ENABLE_STRICT_OBJC_MSGSEND = YES;
				ENABLE_TESTABILITY = YES;
				GCC_C_LANGUAGE_STANDARD = gnu11;
				GCC_DYNAMIC_NO_PIC = NO;
				GCC_NO_COMMON_BLOCKS = YES;
				GCC_OPTIMIZATION_LEVEL = 0;
				GCC_PREPROCESSOR_DEFINITIONS = (
					"DEBUG=1",
					"$(inherited)",
				);
				GCC_WARN_64_TO_32_BIT_CONVERSION = YES;
				GCC_WARN_ABOUT_RETURN_TYPE = YES_ERROR;
				GCC_WARN_UNDECLARED_SELECTOR = YES;
				GCC_WARN_UNINITIALIZED_AUTOS = YES_AGGRESSIVE;
				GCC_WARN_UNUSED_FUNCTION = YES;
				GCC_WARN_UNUSED_VARIABLE = YES;
				IPHONEOS_DEPLOYMENT_TARGET = 16.1;
				MTL_ENABLE_DEBUG_INFO = INCLUDE_SOURCE;
				MTL_FAST_MATH = YES;
				ONLY_ACTIVE_ARCH = YES;
				SDKROOT = iphoneos;
				SWIFT_ACTIVE_COMPILATION_CONDITIONS = DEBUG;
				SWIFT_OPTIMIZATION_LEVEL = "-Onone";
			};
			name = Debug;
		};
		4F28679829F891DA0076BCF9 /* Release */ = {
			isa = XCBuildConfiguration;
			buildSettings = {
				ALWAYS_SEARCH_USER_PATHS = NO;
				CLANG_ANALYZER_NONNULL = YES;
				CLANG_ANALYZER_NUMBER_OBJECT_CONVERSION = YES_AGGRESSIVE;
				CLANG_CXX_LANGUAGE_STANDARD = "gnu++20";
				CLANG_ENABLE_MODULES = YES;
				CLANG_ENABLE_OBJC_ARC = YES;
				CLANG_ENABLE_OBJC_WEAK = YES;
				CLANG_WARN_BLOCK_CAPTURE_AUTORELEASING = YES;
				CLANG_WARN_BOOL_CONVERSION = YES;
				CLANG_WARN_COMMA = YES;
				CLANG_WARN_CONSTANT_CONVERSION = YES;
				CLANG_WARN_DEPRECATED_OBJC_IMPLEMENTATIONS = YES;
				CLANG_WARN_DIRECT_OBJC_ISA_USAGE = YES_ERROR;
				CLANG_WARN_DOCUMENTATION_COMMENTS = YES;
				CLANG_WARN_EMPTY_BODY = YES;
				CLANG_WARN_ENUM_CONVERSION = YES;
				CLANG_WARN_INFINITE_RECURSION = YES;
				CLANG_WARN_INT_CONVERSION = YES;
				CLANG_WARN_NON_LITERAL_NULL_CONVERSION = YES;
				CLANG_WARN_OBJC_IMPLICIT_RETAIN_SELF = YES;
				CLANG_WARN_OBJC_LITERAL_CONVERSION = YES;
				CLANG_WARN_OBJC_ROOT_CLASS = YES_ERROR;
				CLANG_WARN_QUOTED_INCLUDE_IN_FRAMEWORK_HEADER = YES;
				CLANG_WARN_RANGE_LOOP_ANALYSIS = YES;
				CLANG_WARN_STRICT_PROTOTYPES = YES;
				CLANG_WARN_SUSPICIOUS_MOVE = YES;
				CLANG_WARN_UNGUARDED_AVAILABILITY = YES_AGGRESSIVE;
				CLANG_WARN_UNREACHABLE_CODE = YES;
				CLANG_WARN__DUPLICATE_METHOD_MATCH = YES;
				COPY_PHASE_STRIP = NO;
				DEBUG_INFORMATION_FORMAT = "dwarf-with-dsym";
				ENABLE_NS_ASSERTIONS = NO;
				ENABLE_STRICT_OBJC_MSGSEND = YES;
				GCC_C_LANGUAGE_STANDARD = gnu11;
				GCC_NO_COMMON_BLOCKS = YES;
				GCC_WARN_64_TO_32_BIT_CONVERSION = YES;
				GCC_WARN_ABOUT_RETURN_TYPE = YES_ERROR;
				GCC_WARN_UNDECLARED_SELECTOR = YES;
				GCC_WARN_UNINITIALIZED_AUTOS = YES_AGGRESSIVE;
				GCC_WARN_UNUSED_FUNCTION = YES;
				GCC_WARN_UNUSED_VARIABLE = YES;
				IPHONEOS_DEPLOYMENT_TARGET = 16.1;
				MTL_ENABLE_DEBUG_INFO = NO;
				MTL_FAST_MATH = YES;
				SDKROOT = iphoneos;
				SWIFT_COMPILATION_MODE = wholemodule;
				SWIFT_OPTIMIZATION_LEVEL = "-O";
				VALIDATE_PRODUCT = YES;
			};
			name = Release;
		};
		4F28679A29F891DA0076BCF9 /* Debug */ = {
			isa = XCBuildConfiguration;
			buildSettings = {
				ASSETCATALOG_COMPILER_APPICON_NAME = AppIcon;
				ASSETCATALOG_COMPILER_GLOBAL_ACCENT_COLOR_NAME = AccentColor;
				CODE_SIGN_STYLE = Automatic;
				CURRENT_PROJECT_VERSION = 1;
				DEVELOPMENT_ASSET_PATHS = "\"VendorsApp/Preview Content\"";
				DEVELOPMENT_TEAM = MDTNL7WFHZ;
				ENABLE_PREVIEWS = YES;
				GENERATE_INFOPLIST_FILE = YES;
				INFOPLIST_KEY_UIApplicationSceneManifest_Generation = YES;
				INFOPLIST_KEY_UIApplicationSupportsIndirectInputEvents = YES;
				INFOPLIST_KEY_UILaunchScreen_Generation = YES;
				INFOPLIST_KEY_UISupportedInterfaceOrientations_iPad = "UIInterfaceOrientationPortrait UIInterfaceOrientationPortraitUpsideDown UIInterfaceOrientationLandscapeLeft UIInterfaceOrientationLandscapeRight";
				INFOPLIST_KEY_UISupportedInterfaceOrientations_iPhone = "UIInterfaceOrientationPortrait UIInterfaceOrientationLandscapeLeft UIInterfaceOrientationLandscapeRight";
				LD_RUNPATH_SEARCH_PATHS = (
					"$(inherited)",
					"@executable_path/Frameworks",
				);
				MARKETING_VERSION = 1.0;
				PRODUCT_BUNDLE_IDENTIFIER = savkamykhailo.VendorsApp;
				PRODUCT_NAME = "$(TARGET_NAME)";
				SWIFT_EMIT_LOC_STRINGS = YES;
				SWIFT_VERSION = 5.0;
				TARGETED_DEVICE_FAMILY = "1,2";
			};
			name = Debug;
		};
		4F28679B29F891DA0076BCF9 /* Release */ = {
			isa = XCBuildConfiguration;
			buildSettings = {
				ASSETCATALOG_COMPILER_APPICON_NAME = AppIcon;
				ASSETCATALOG_COMPILER_GLOBAL_ACCENT_COLOR_NAME = AccentColor;
				CODE_SIGN_STYLE = Automatic;
				CURRENT_PROJECT_VERSION = 1;
				DEVELOPMENT_ASSET_PATHS = "\"VendorsApp/Preview Content\"";
				DEVELOPMENT_TEAM = MDTNL7WFHZ;
				ENABLE_PREVIEWS = YES;
				GENERATE_INFOPLIST_FILE = YES;
				INFOPLIST_KEY_UIApplicationSceneManifest_Generation = YES;
				INFOPLIST_KEY_UIApplicationSupportsIndirectInputEvents = YES;
				INFOPLIST_KEY_UILaunchScreen_Generation = YES;
				INFOPLIST_KEY_UISupportedInterfaceOrientations_iPad = "UIInterfaceOrientationPortrait UIInterfaceOrientationPortraitUpsideDown UIInterfaceOrientationLandscapeLeft UIInterfaceOrientationLandscapeRight";
				INFOPLIST_KEY_UISupportedInterfaceOrientations_iPhone = "UIInterfaceOrientationPortrait UIInterfaceOrientationLandscapeLeft UIInterfaceOrientationLandscapeRight";
				LD_RUNPATH_SEARCH_PATHS = (
					"$(inherited)",
					"@executable_path/Frameworks",
				);
				MARKETING_VERSION = 1.0;
				PRODUCT_BUNDLE_IDENTIFIER = savkamykhailo.VendorsApp;
				PRODUCT_NAME = "$(TARGET_NAME)";
				SWIFT_EMIT_LOC_STRINGS = YES;
				SWIFT_VERSION = 5.0;
				TARGETED_DEVICE_FAMILY = "1,2";
			};
			name = Release;
		};
		4F28679D29F891DA0076BCF9 /* Debug */ = {
			isa = XCBuildConfiguration;
			buildSettings = {
				ALWAYS_EMBED_SWIFT_STANDARD_LIBRARIES = YES;
				BUNDLE_LOADER = "$(TEST_HOST)";
				CODE_SIGN_STYLE = Automatic;
				CURRENT_PROJECT_VERSION = 1;
				DEVELOPMENT_TEAM = MDTNL7WFHZ;
				GENERATE_INFOPLIST_FILE = YES;
				IPHONEOS_DEPLOYMENT_TARGET = 16.1;
				MARKETING_VERSION = 1.0;
				PRODUCT_BUNDLE_IDENTIFIER = savkamykhailo.VendorsAppTests;
				PRODUCT_NAME = "$(TARGET_NAME)";
				SWIFT_EMIT_LOC_STRINGS = NO;
				SWIFT_VERSION = 5.0;
				TARGETED_DEVICE_FAMILY = "1,2";
				TEST_HOST = "$(BUILT_PRODUCTS_DIR)/VendorsApp.app/$(BUNDLE_EXECUTABLE_FOLDER_PATH)/VendorsApp";
			};
			name = Debug;
		};
		4F28679E29F891DA0076BCF9 /* Release */ = {
			isa = XCBuildConfiguration;
			buildSettings = {
				ALWAYS_EMBED_SWIFT_STANDARD_LIBRARIES = YES;
				BUNDLE_LOADER = "$(TEST_HOST)";
				CODE_SIGN_STYLE = Automatic;
				CURRENT_PROJECT_VERSION = 1;
				DEVELOPMENT_TEAM = MDTNL7WFHZ;
				GENERATE_INFOPLIST_FILE = YES;
				IPHONEOS_DEPLOYMENT_TARGET = 16.1;
				MARKETING_VERSION = 1.0;
				PRODUCT_BUNDLE_IDENTIFIER = savkamykhailo.VendorsAppTests;
				PRODUCT_NAME = "$(TARGET_NAME)";
				SWIFT_EMIT_LOC_STRINGS = NO;
				SWIFT_VERSION = 5.0;
				TARGETED_DEVICE_FAMILY = "1,2";
				TEST_HOST = "$(BUILT_PRODUCTS_DIR)/VendorsApp.app/$(BUNDLE_EXECUTABLE_FOLDER_PATH)/VendorsApp";
			};
			name = Release;
		};
		4F2867A029F891DA0076BCF9 /* Debug */ = {
			isa = XCBuildConfiguration;
			buildSettings = {
				ALWAYS_EMBED_SWIFT_STANDARD_LIBRARIES = YES;
				CODE_SIGN_STYLE = Automatic;
				CURRENT_PROJECT_VERSION = 1;
				DEVELOPMENT_TEAM = MDTNL7WFHZ;
				GENERATE_INFOPLIST_FILE = YES;
				MARKETING_VERSION = 1.0;
				PRODUCT_BUNDLE_IDENTIFIER = savkamykhailo.VendorsAppUITests;
				PRODUCT_NAME = "$(TARGET_NAME)";
				SWIFT_EMIT_LOC_STRINGS = NO;
				SWIFT_VERSION = 5.0;
				TARGETED_DEVICE_FAMILY = "1,2";
				TEST_TARGET_NAME = VendorsApp;
			};
			name = Debug;
		};
		4F2867A129F891DA0076BCF9 /* Release */ = {
			isa = XCBuildConfiguration;
			buildSettings = {
				ALWAYS_EMBED_SWIFT_STANDARD_LIBRARIES = YES;
				CODE_SIGN_STYLE = Automatic;
				CURRENT_PROJECT_VERSION = 1;
				DEVELOPMENT_TEAM = MDTNL7WFHZ;
				GENERATE_INFOPLIST_FILE = YES;
				MARKETING_VERSION = 1.0;
				PRODUCT_BUNDLE_IDENTIFIER = savkamykhailo.VendorsAppUITests;
				PRODUCT_NAME = "$(TARGET_NAME)";
				SWIFT_EMIT_LOC_STRINGS = NO;
				SWIFT_VERSION = 5.0;
				TARGETED_DEVICE_FAMILY = "1,2";
				TEST_TARGET_NAME = VendorsApp;
			};
			name = Release;
		};
/* End XCBuildConfiguration section */

/* Begin XCConfigurationList section */
		4F28677029F891D80076BCF9 /* Build configuration list for PBXProject "VendorsApp" */ = {
			isa = XCConfigurationList;
			buildConfigurations = (
				4F28679729F891DA0076BCF9 /* Debug */,
				4F28679829F891DA0076BCF9 /* Release */,
			);
			defaultConfigurationIsVisible = 0;
			defaultConfigurationName = Release;
		};
		4F28679929F891DA0076BCF9 /* Build configuration list for PBXNativeTarget "VendorsApp" */ = {
			isa = XCConfigurationList;
			buildConfigurations = (
				4F28679A29F891DA0076BCF9 /* Debug */,
				4F28679B29F891DA0076BCF9 /* Release */,
			);
			defaultConfigurationIsVisible = 0;
			defaultConfigurationName = Release;
		};
		4F28679C29F891DA0076BCF9 /* Build configuration list for PBXNativeTarget "VendorsAppTests" */ = {
			isa = XCConfigurationList;
			buildConfigurations = (
				4F28679D29F891DA0076BCF9 /* Debug */,
				4F28679E29F891DA0076BCF9 /* Release */,
			);
			defaultConfigurationIsVisible = 0;
			defaultConfigurationName = Release;
		};
		4F28679F29F891DA0076BCF9 /* Build configuration list for PBXNativeTarget "VendorsAppUITests" */ = {
			isa = XCConfigurationList;
			buildConfigurations = (
				4F2867A029F891DA0076BCF9 /* Debug */,
				4F2867A129F891DA0076BCF9 /* Release */,
			);
			defaultConfigurationIsVisible = 0;
			defaultConfigurationName = Release;
		};
/* End XCConfigurationList section */

/* Begin XCRemoteSwiftPackageReference section */
		4F604DBC2A0491AF00968EB9 /* XCRemoteSwiftPackageReference "SDWebImageSVGCoder" */ = {
			isa = XCRemoteSwiftPackageReference;
			repositoryURL = "https://github.com/SDWebImage/SDWebImageSVGCoder.git";
			requirement = {
				kind = upToNextMajorVersion;
				minimumVersion = 1.4.0;
			};
		};
		4F641F812A016F2300B1B38E /* XCRemoteSwiftPackageReference "SDWebImageSwiftUI" */ = {
			isa = XCRemoteSwiftPackageReference;
			repositoryURL = "https://github.com/SDWebImage/SDWebImageSwiftUI.git";
			requirement = {
				kind = upToNextMajorVersion;
				minimumVersion = 2.0.0;
			};
		};
/* End XCRemoteSwiftPackageReference section */

/* Begin XCSwiftPackageProductDependency section */
		4F604DBD2A0491AF00968EB9 /* SDWebImageSVGCoder */ = {
			isa = XCSwiftPackageProductDependency;
			package = 4F604DBC2A0491AF00968EB9 /* XCRemoteSwiftPackageReference "SDWebImageSVGCoder" */;
			productName = SDWebImageSVGCoder;
		};
		4F641F822A016F2300B1B38E /* SDWebImageSwiftUI */ = {
			isa = XCSwiftPackageProductDependency;
			package = 4F641F812A016F2300B1B38E /* XCRemoteSwiftPackageReference "SDWebImageSwiftUI" */;
			productName = SDWebImageSwiftUI;
		};
/* End XCSwiftPackageProductDependency section */
	};
	rootObject = 4F28676D29F891D80076BCF9 /* Project object */;
}
